
Microsoft Visual Studio Solution File, Format Version 12.00
# Visual Studio Version 16
VisualStudioVersion = 16.0.29613.14
MinimumVisualStudioVersion = 10.0.40219.1
Project("{9A19103F-16F7-4668-BE54-9A1E7A4F7556}") = "webapp", "webapp.csproj", "{02350F0B-292D-4DAB-927F-C39D829CF544}"
EndProject
Global
	GlobalSection(SolutionConfigurationPlatforms) = preSolution
		Debug|Any CPU = Debug|Any CPU
		Release|Any CPU = Release|Any CPU
	EndGlobalSection
	GlobalSection(ProjectConfigurationPlatforms) = postSolution
		{02350F0B-292D-4DAB-927F-C39D829CF544}.Debug|Any CPU.ActiveCfg = Debug|Any CPU
		{02350F0B-292D-4DAB-927F-C39D829CF544}.Debug|Any CPU.Build.0 = Debug|Any CPU
		{02350F0B-292D-4DAB-927F-C39D829CF544}.Release|Any CPU.ActiveCfg = Release|Any CPU
		{02350F0B-292D-4DAB-927F-C39D829CF544}.Release|Any CPU.Build.0 = Release|Any CPU
	EndGlobalSection
	GlobalSection(SolutionProperties) = preSolution
		HideSolutionNode = FALSE
	EndGlobalSection
	GlobalSection(ExtensibilityGlobals) = postSolution
		SolutionGuid = {5FE33292-A126-4BAE-810B-A26DE976F5F3}
	EndGlobalSection
EndGlobal
